
Microsoft Visual Studio Solution File, Format Version 12.00
# Visual Studio Version 16
VisualStudioVersion = 16.0.29411.138
MinimumVisualStudioVersion = 10.0.40219.1
Project("{2150E333-8FDC-42A3-9474-1A3956D46DE8}") = "src", "src", "{7B2038F4-8F5F-45EB-BD66-E90626588A76}"
EndProject
Project("{9A19103F-16F7-4668-BE54-9A1E7A4F7556}") = "S3.WebUI.cBlazor", "..\..\..\..\S3.WebUI.cBlazor\S3.WebUI.cBlazor.csproj", "{54F8987D-0AA7-4FC0-9FFD-4598DF0294D6}"
EndProject
Global
	GlobalSection(SolutionConfigurationPlatforms) = preSolution
		Debug|Any CPU = Debug|Any CPU
		Release|Any CPU = Release|Any CPU
	EndGlobalSection
	GlobalSection(ProjectConfigurationPlatforms) = postSolution
		{54F8987D-0AA7-4FC0-9FFD-4598DF0294D6}.Debug|Any CPU.ActiveCfg = Debug|Any CPU
		{54F8987D-0AA7-4FC0-9FFD-4598DF0294D6}.Debug|Any CPU.Build.0 = Debug|Any CPU
		{54F8987D-0AA7-4FC0-9FFD-4598DF0294D6}.Release|Any CPU.ActiveCfg = Release|Any CPU
		{54F8987D-0AA7-4FC0-9FFD-4598DF0294D6}.Release|Any CPU.Build.0 = Release|Any CPU
	EndGlobalSection
	GlobalSection(SolutionProperties) = preSolution
		HideSolutionNode = FALSE
	EndGlobalSection
	GlobalSection(NestedProjects) = preSolution
		{54F8987D-0AA7-4FC0-9FFD-4598DF0294D6} = {7B2038F4-8F5F-45EB-BD66-E90626588A76}
	EndGlobalSection
	GlobalSection(ExtensibilityGlobals) = postSolution
		SolutionGuid = {C0C6EB70-0C97-4182-912D-03A77107860F}
	EndGlobalSection
EndGlobal
